
Microsoft Visual Studio Solution File, Format Version 12.00
# Visual Studio Version 17
VisualStudioVersion = 17.13.35818.85 d17.13
MinimumVisualStudioVersion = 10.0.40219.1
Project("{FAE04EC0-301F-11D3-BF4B-00C04F79EFBC}") = "WiredTester", "WiredTester\WiredTester.csproj", "{1D5F7BC2-730C-43C0-9BC9-3566ED2CB5DC}"
EndProject
Project("{FAE04EC0-301F-11D3-BF4B-00C04F79EFBC}") = "Wired.IO", "..\Wired.IO.csproj", "{CE9C2CD0-FDC2-DEA0-DB23-1B03B2BB5386}"
EndProject
Global
	GlobalSection(SolutionConfigurationPlatforms) = preSolution
		Debug|Any CPU = Debug|Any CPU
		Release|Any CPU = Release|Any CPU
	EndGlobalSection
	GlobalSection(ProjectConfigurationPlatforms) = postSolution
		{1D5F7BC2-730C-43C0-9BC9-3566ED2CB5DC}.Debug|Any CPU.ActiveCfg = Debug|Any CPU
		{1D5F7BC2-730C-43C0-9BC9-3566ED2CB5DC}.Debug|Any CPU.Build.0 = Debug|Any CPU
		{1D5F7BC2-730C-43C0-9BC9-3566ED2CB5DC}.Release|Any CPU.ActiveCfg = Release|Any CPU
		{1D5F7BC2-730C-43C0-9BC9-3566ED2CB5DC}.Release|Any CPU.Build.0 = Release|Any CPU
		{CE9C2CD0-FDC2-DEA0-DB23-1B03B2BB5386}.Debug|Any CPU.ActiveCfg = Debug|Any CPU
		{CE9C2CD0-FDC2-DEA0-DB23-1B03B2BB5386}.Debug|Any CPU.Build.0 = Debug|Any CPU
		{CE9C2CD0-FDC2-DEA0-DB23-1B03B2BB5386}.Release|Any CPU.ActiveCfg = Release|Any CPU
		{CE9C2CD0-FDC2-DEA0-DB23-1B03B2BB5386}.Release|Any CPU.Build.0 = Release|Any CPU
	EndGlobalSection
	GlobalSection(SolutionProperties) = preSolution
		HideSolutionNode = FALSE
	EndGlobalSection
	GlobalSection(ExtensibilityGlobals) = postSolution
		SolutionGuid = {E99ACEAD-8368-407A-A0AF-C92B8F52AA1F}
	EndGlobalSection
EndGlobal
